{
  "name": "web-ifc-three",
  "version": "1.0.0",
  "lockfileVersion": 1,
  "requires": true,
  "dependencies": {
    "three": {
      "version": "0.126.0",
      "resolved": "https://registry.npmjs.org/three/-/three-0.126.0.tgz",
      "integrity": "sha512-/MecvboUefStCkUfXLImoJxthN+FoLPcEP7pz1r1Dd9i8BPGGuj+S1sOPRvW4Z+ViZjP2oWWm1inNC/MT52ybA=="
    },
    "web-ifc": {
      "version": "0.0.13",
      "resolved": "https://registry.npmjs.org/web-ifc/-/web-ifc-0.0.13.tgz",
      "integrity": "sha512-pORHZLK5uH6ysdcBK223HlAl+zKRtYZObhqmhfNBVlptlb4qxp+oXOtWdbdpKt0EXLd9y2GEg7lmjnikJe6bIg=="
    }
  }
}
